
Microsoft Visual Studio Solution File, Format Version 12.00
# Visual Studio Version 17
VisualStudioVersion = 17.0.31903.59
MinimumVisualStudioVersion = 10.0.40219.1
Project("{FAE04EC0-301F-11D3-BF4B-00C04F79EFBC}") = "Dima.Core", "Dima.Core\Dima.Core.csproj", "{050FEF76-F3A5-4A3F-B7D0-65A0EAA9BD50}"
EndProject
Project("{FAE04EC0-301F-11D3-BF4B-00C04F79EFBC}") = "Dima.Api", "Dima.Api\Dima.Api.csproj", "{A2E8F15C-41F7-4AEA-8440-57127F102B1A}"
EndProject
Project("{FAE04EC0-301F-11D3-BF4B-00C04F79EFBC}") = "Dima.Web", "Dima.Web\Dima.Web.csproj", "{D982A0EC-08C4-41DD-B409-C23592DA7A88}"
EndProject
Global
	GlobalSection(SolutionConfigurationPlatforms) = preSolution
		Debug|Any CPU = Debug|Any CPU
		Release|Any CPU = Release|Any CPU
	EndGlobalSection
	GlobalSection(SolutionProperties) = preSolution
		HideSolutionNode = FALSE
	EndGlobalSection
	GlobalSection(ProjectConfigurationPlatforms) = postSolution
		{050FEF76-F3A5-4A3F-B7D0-65A0EAA9BD50}.Debug|Any CPU.ActiveCfg = Debug|Any CPU
		{050FEF76-F3A5-4A3F-B7D0-65A0EAA9BD50}.Debug|Any CPU.Build.0 = Debug|Any CPU
		{050FEF76-F3A5-4A3F-B7D0-65A0EAA9BD50}.Release|Any CPU.ActiveCfg = Release|Any CPU
		{050FEF76-F3A5-4A3F-B7D0-65A0EAA9BD50}.Release|Any CPU.Build.0 = Release|Any CPU
		{A2E8F15C-41F7-4AEA-8440-57127F102B1A}.Debug|Any CPU.ActiveCfg = Debug|Any CPU
		{A2E8F15C-41F7-4AEA-8440-57127F102B1A}.Debug|Any CPU.Build.0 = Debug|Any CPU
		{A2E8F15C-41F7-4AEA-8440-57127F102B1A}.Release|Any CPU.ActiveCfg = Release|Any CPU
		{A2E8F15C-41F7-4AEA-8440-57127F102B1A}.Release|Any CPU.Build.0 = Release|Any CPU
		{D982A0EC-08C4-41DD-B409-C23592DA7A88}.Debug|Any CPU.ActiveCfg = Debug|Any CPU
		{D982A0EC-08C4-41DD-B409-C23592DA7A88}.Debug|Any CPU.Build.0 = Debug|Any CPU
		{D982A0EC-08C4-41DD-B409-C23592DA7A88}.Release|Any CPU.ActiveCfg = Release|Any CPU
		{D982A0EC-08C4-41DD-B409-C23592DA7A88}.Release|Any CPU.Build.0 = Release|Any CPU
	EndGlobalSection
EndGlobal
